
Microsoft Visual Studio Solution File, Format Version 12.00
# Visual Studio Version 17
VisualStudioVersion = 17.12.35527.113
MinimumVisualStudioVersion = 10.0.40219.1
Project("{FAE04EC0-301F-11D3-BF4B-00C04F79EFBC}") = "ServiceStation.Web", "ServiceStation.Web\ServiceStation.Web.csproj", "{70DA1464-57AF-45D2-887D-942702921D4A}"
EndProject
Global
	GlobalSection(SolutionConfigurationPlatforms) = preSolution
		Debug|Any CPU = Debug|Any CPU
		Release|Any CPU = Release|Any CPU
	EndGlobalSection
	GlobalSection(ProjectConfigurationPlatforms) = postSolution
		{70DA1464-57AF-45D2-887D-942702921D4A}.Debug|Any CPU.ActiveCfg = Debug|Any CPU
		{70DA1464-57AF-45D2-887D-942702921D4A}.Debug|Any CPU.Build.0 = Debug|Any CPU
		{70DA1464-57AF-45D2-887D-942702921D4A}.Release|Any CPU.ActiveCfg = Release|Any CPU
		{70DA1464-57AF-45D2-887D-942702921D4A}.Release|Any CPU.Build.0 = Release|Any CPU
	EndGlobalSection
	GlobalSection(SolutionProperties) = preSolution
		HideSolutionNode = FALSE
	EndGlobalSection
EndGlobal
